// !$*UTF8*$!
{
	archiveVersion = 1;
	classes = {
	};
	objectVersion = 46;
	objects = {

/* Begin PBXBuildFile section */
		04DC03DAB7F9C7FB91ADAF22 /* IRClipboard.h in Headers */ = {isa = PBXBuildFile; fileRef = 342209ED6A197A4C967B99D7 /* IRClipboard.h */; };
		0C8F269081792CBC959DA3E1 /* IRFontList.h in Headers */ = {isa = PBXBuildFile; fileRef = 0D6AD1F8EA79D36002970561 /* IRFontList.h */; };
		1BCAFE1EAF4275451E5A2CA2 /* PrivacyInfo.xcprivacy in Resources */ = {isa = PBXBuildFile; fileRef = 5030E1330EE236E4CA991AFD /* PrivacyInfo.xcprivacy */; };
		1BCF4C7A5E00CBE218AF24F4 /* BuildFile in Sources */ = {isa = PBXBuildFile; };
		261E8857E7343B5DDCDD5AC5 /* BuildFile in Sources */ = {isa = PBXBuildFile; };
		298D667D4BBD0AE77C91E7F2 /* IRExperimental.mm in Sources */ = {isa = PBXBuildFile; fileRef = E4AE94BBA1DA3B220C0E99D4 /* IRExperimental.mm */; };
		4E8B1B6EDFC825CBE0623C35 /* IRSystemInfo.mm in Sources */ = {isa = PBXBuildFile; fileRef = 9710711BB1E9A76275DB3F3D /* IRSystemInfo.mm */; };
		5142014D2437B4B30078DB4F /* AppDelegate.mm in Sources */ = {isa = PBXBuildFile; fileRef = 5142014C2437B4B30078DB4F /* AppDelegate.mm */; };
		514201522437B4B40078DB4F /* Assets.xcassets in Resources */ = {isa = PBXBuildFile; fileRef = 514201512437B4B40078DB4F /* Assets.xcassets */; };
		514201552437B4B40078DB4F /* Main.storyboard in Resources */ = {isa = PBXBuildFile; fileRef = 514201532437B4B40078DB4F /* Main.storyboard */; };
		514201582437B4B40078DB4F /* main.m in Sources */ = {isa = PBXBuildFile; fileRef = 514201572437B4B40078DB4F /* main.m */; };
		580FDC959613C3DDF5C47E31 /* libPods-Reactotron-macOS.a in Frameworks */ = {isa = PBXBuildFile; fileRef = F84D6E4D0800659BD68D7BF3 /* libPods-Reactotron-macOS.a */; };
		588287D9AE6F6C0B870AD4FD /* IRKeyboard.mm in Sources */ = {isa = PBXBuildFile; fileRef = 319F1104D3501DE65D5F95E3 /* IRKeyboard.mm */; };
		5CD63D88AE8814909F53CBFB /* IRRandom.h in Headers */ = {isa = PBXBuildFile; fileRef = 7A78195A4E34D4BD895B11B6 /* IRRandom.h */; };
		5D4F10812E4E8CF6001FD625 /* IRMenuItemManager.mm in Sources */ = {isa = PBXBuildFile; fileRef = 5D4F10802E4E8CF6001FD625 /* IRMenuItemManager.mm */; };
		5D4F10822E4E8CF6001FD625 /* IRMenuItemManager.h in Headers */ = {isa = PBXBuildFile; fileRef = 5D4F107F2E4E8CF6001FD625 /* IRMenuItemManager.h */; };
		6135879D33EC07D3C9C18C4F /* IRFontList.mm in Sources */ = {isa = PBXBuildFile; fileRef = FE5AD41C3F8CD3A0D9F46BE4 /* IRFontList.mm */; };
		831983FBC55C0EF9C65DB4A6 /* ProcessUtils.c in Sources */ = {isa = PBXBuildFile; fileRef = 4F3799E74F7D2A242D38CF99 /* ProcessUtils.c */; };
		8452BE2DDA6CACEAD0B97421 /* IRActionMenuManager.h in Headers */ = {isa = PBXBuildFile; fileRef = F1B8EE7491BC29C0FD958267 /* IRActionMenuManager.h */; };
		8C89EDFB05AECC058BEEAC9C /* IRRunShellCommand.h in Headers */ = {isa = PBXBuildFile; fileRef = 9F2D1656A299D91E2C36B57A /* IRRunShellCommand.h */; };
		9920FF3904BE57AC0A9A7934 /* IRExperimental.h in Headers */ = {isa = PBXBuildFile; fileRef = CB9465B5B2AD9013E736115C /* IRExperimental.h */; };
		9A857687D246FD7F334FDC01 /* IRTabComponentView.mm in Sources */ = {isa = PBXBuildFile; fileRef = 3E5D5071E456C105AE0E1403 /* IRTabComponentView.mm */; };
		A653779FBFCA255610039FB6 /* IRClipboard.mm in Sources */ = {isa = PBXBuildFile; fileRef = EC54A43A8D4051B988452A9D /* IRClipboard.mm */; };
		A722680BDEF99E4DCC860711 /* IRActionMenuManager.mm in Sources */ = {isa = PBXBuildFile; fileRef = 80F4F6B022222070325D08AD /* IRActionMenuManager.mm */; };
		D2EAB5E25ECD9A5F2B8B5C67 /* IRRandom.mm in Sources */ = {isa = PBXBuildFile; fileRef = AC5E60FBAA17E2908A99A86D /* IRRandom.mm */; };
		E6D143E50CDB44E4EF4F6317 /* IRTabComponentView.h in Headers */ = {isa = PBXBuildFile; fileRef = 5A1F3D336FBDB9DFE36BC4F4 /* IRTabComponentView.h */; };
		E94E8A1F2DA73754008B52A6 /* SpaceGrotesk.ttf in Resources */ = {isa = PBXBuildFile; fileRef = E94E8A1E2DA73754008B52A6 /* SpaceGrotesk.ttf */; };
		EBA23295D3FDE3328174ADF1 /* BuildFile in Headers */ = {isa = PBXBuildFile; };
		EDEF6E5C63C45EAE06FFC1E6 /* IRKeyboard.h in Headers */ = {isa = PBXBuildFile; fileRef = 14E2432B1B313E983C855322 /* IRKeyboard.h */; };
		F29FD1592CD668F17E7C6D8C /* IRSystemInfo.h in Headers */ = {isa = PBXBuildFile; fileRef = 8940E9CE29AC22E267563A45 /* IRSystemInfo.h */; };
		FC7E3F03E44EFAB0E8D1C20D /* IRRunShellCommand.mm in Sources */ = {isa = PBXBuildFile; fileRef = FAD97D6826CB49759F99BC4D /* IRRunShellCommand.mm */; };
		FF4C4719434907CDFF48ECE7 /* ProcessUtils.h in Headers */ = {isa = PBXBuildFile; fileRef = 8B174B7FD8393A730D51E178 /* ProcessUtils.h */; };
/* End PBXBuildFile section */

/* Begin PBXFileReference section */
		0D6AD1F8EA79D36002970561 /* IRFontList.h */ = {isa = PBXFileReference; includeInIndex = 1; lastKnownFileType = sourcecode.c.h; name = IRFontList.h; path = ../build/generated/colocated/IRFontList.h; sourceTree = "<group>"; };
		14E2432B1B313E983C855322 /* IRKeyboard.h */ = {isa = PBXFileReference; includeInIndex = 1; lastKnownFileType = sourcecode.c.h; name = IRKeyboard.h; path = ../build/generated/colocated/IRKeyboard.h; sourceTree = "<group>"; };
		319F1104D3501DE65D5F95E3 /* IRKeyboard.mm */ = {isa = PBXFileReference; includeInIndex = 1; lastKnownFileType = sourcecode.cpp.objcpp; name = IRKeyboard.mm; path = ../../app/native/IRKeyboard/IRKeyboard.mm; sourceTree = "<group>"; };
		342209ED6A197A4C967B99D7 /* IRClipboard.h */ = {isa = PBXFileReference; includeInIndex = 1; lastKnownFileType = sourcecode.c.h; name = IRClipboard.h; path = ../build/generated/colocated/IRClipboard.h; sourceTree = "<group>"; };
		3E5D5071E456C105AE0E1403 /* IRTabComponentView.mm */ = {isa = PBXFileReference; includeInIndex = 1; lastKnownFileType = sourcecode.cpp.objcpp; name = IRTabComponentView.mm; path = ../../app/native/IRTabComponentView/IRTabComponentView.mm; sourceTree = "<group>"; };
		4F3799E74F7D2A242D38CF99 /* ProcessUtils.c */ = {isa = PBXFileReference; includeInIndex = 1; lastKnownFileType = sourcecode.c.c; name = ProcessUtils.c; path = ../../app/native/ProcessUtils/ProcessUtils.c; sourceTree = "<group>"; };
		5030E1330EE236E4CA991AFD /* PrivacyInfo.xcprivacy */ = {isa = PBXFileReference; includeInIndex = 1; lastKnownFileType = text.xml; path = PrivacyInfo.xcprivacy; sourceTree = "<group>"; };
		514201492437B4B30078DB4F /* Reactotron.app */ = {isa = PBXFileReference; explicitFileType = wrapper.application; includeInIndex = 0; path = Reactotron.app; sourceTree = BUILT_PRODUCTS_DIR; };
		5142014B2437B4B30078DB4F /* AppDelegate.h */ = {isa = PBXFileReference; lastKnownFileType = sourcecode.c.h; path = AppDelegate.h; sourceTree = "<group>"; };
		5142014C2437B4B30078DB4F /* AppDelegate.mm */ = {isa = PBXFileReference; lastKnownFileType = sourcecode.cpp.objcpp; path = AppDelegate.mm; sourceTree = "<group>"; };
		514201512437B4B40078DB4F /* Assets.xcassets */ = {isa = PBXFileReference; lastKnownFileType = folder.assetcatalog; path = Assets.xcassets; sourceTree = "<group>"; };
		514201542437B4B40078DB4F /* Base */ = {isa = PBXFileReference; lastKnownFileType = file.storyboard; name = Base; path = Base.lproj/Main.storyboard; sourceTree = "<group>"; };
		514201562437B4B40078DB4F /* Info.plist */ = {isa = PBXFileReference; lastKnownFileType = text.plist.xml; path = Info.plist; sourceTree = "<group>"; };
		514201572437B4B40078DB4F /* main.m */ = {isa = PBXFileReference; lastKnownFileType = sourcecode.c.objc; path = main.m; sourceTree = "<group>"; };
		514201592437B4B40078DB4F /* Reactotron.entitlements */ = {isa = PBXFileReference; lastKnownFileType = text.plist.entitlements; path = Reactotron.entitlements; sourceTree = "<group>"; };
		5A1F3D336FBDB9DFE36BC4F4 /* IRTabComponentView.h */ = {isa = PBXFileReference; includeInIndex = 1; lastKnownFileType = sourcecode.c.h; name = IRTabComponentView.h; path = ../../app/native/IRTabComponentView/IRTabComponentView.h; sourceTree = "<group>"; };
		5D4F107F2E4E8CF6001FD625 /* IRMenuItemManager.h */ = {isa = PBXFileReference; lastKnownFileType = sourcecode.c.h; name = IRMenuItemManager.h; path = ../app/native/IRMenuItemManager/IRMenuItemManager.h; sourceTree = SOURCE_ROOT; };
		5D4F10802E4E8CF6001FD625 /* IRMenuItemManager.mm */ = {isa = PBXFileReference; lastKnownFileType = sourcecode.cpp.objcpp; name = IRMenuItemManager.mm; path = ../app/native/IRMenuItemManager/IRMenuItemManager.mm; sourceTree = SOURCE_ROOT; };
		7A78195A4E34D4BD895B11B6 /* IRRandom.h */ = {isa = PBXFileReference; includeInIndex = 1; lastKnownFileType = sourcecode.c.h; name = IRRandom.h; path = ../build/generated/colocated/IRRandom.h; sourceTree = "<group>"; };
		80F4F6B022222070325D08AD /* IRActionMenuManager.mm */ = {isa = PBXFileReference; includeInIndex = 1; name = IRActionMenuManager.mm; path = ../../app/native/IRActionMenuManager/IRActionMenuManager.mm; sourceTree = "<group>"; };
		8940E9CE29AC22E267563A45 /* IRSystemInfo.h */ = {isa = PBXFileReference; includeInIndex = 1; lastKnownFileType = sourcecode.c.h; name = IRSystemInfo.h; path = ../build/generated/colocated/IRSystemInfo.h; sourceTree = "<group>"; };
		8B174B7FD8393A730D51E178 /* ProcessUtils.h */ = {isa = PBXFileReference; includeInIndex = 1; lastKnownFileType = sourcecode.c.h; name = ProcessUtils.h; path = ../../app/native/ProcessUtils/ProcessUtils.h; sourceTree = "<group>"; };
		9710711BB1E9A76275DB3F3D /* IRSystemInfo.mm */ = {isa = PBXFileReference; includeInIndex = 1; lastKnownFileType = sourcecode.cpp.objcpp; name = IRSystemInfo.mm; path = ../../app/native/IRSystemInfo/IRSystemInfo.mm; sourceTree = "<group>"; };
		9F2D1656A299D91E2C36B57A /* IRRunShellCommand.h */ = {isa = PBXFileReference; includeInIndex = 1; lastKnownFileType = sourcecode.c.h; name = IRRunShellCommand.h; path = ../build/generated/colocated/IRRunShellCommand.h; sourceTree = "<group>"; };
		AC5E60FBAA17E2908A99A86D /* IRRandom.mm */ = {isa = PBXFileReference; includeInIndex = 1; lastKnownFileType = sourcecode.cpp.objcpp; name = IRRandom.mm; path = ../build/generated/colocated/IRRandom.mm; sourceTree = "<group>"; };
		CB9465B5B2AD9013E736115C /* IRExperimental.h */ = {isa = PBXFileReference; includeInIndex = 1; lastKnownFileType = sourcecode.c.h; name = IRExperimental.h; path = ../build/generated/colocated/IRExperimental.h; sourceTree = "<group>"; };
		CBA768848D07B4EDA42574FD /* Pods-Reactotron-macOS.debug.xcconfig */ = {isa = PBXFileReference; includeInIndex = 1; lastKnownFileType = text.xcconfig; name = "Pods-Reactotron-macOS.debug.xcconfig"; path = "Target Support Files/Pods-Reactotron-macOS/Pods-Reactotron-macOS.debug.xcconfig"; sourceTree = "<group>"; };
		CF52DE317C310410AD0A2A0C /* Pods-Reactotron-macOS.release.xcconfig */ = {isa = PBXFileReference; includeInIndex = 1; lastKnownFileType = text.xcconfig; name = "Pods-Reactotron-macOS.release.xcconfig"; path = "Target Support Files/Pods-Reactotron-macOS/Pods-Reactotron-macOS.release.xcconfig"; sourceTree = "<group>"; };
		E4AE94BBA1DA3B220C0E99D4 /* IRExperimental.mm */ = {isa = PBXFileReference; includeInIndex = 1; lastKnownFileType = sourcecode.cpp.objcpp; name = IRExperimental.mm; path = ../../app/utils/experimental/IRExperimental.mm; sourceTree = "<group>"; };
		E94E8A1E2DA73754008B52A6 /* SpaceGrotesk.ttf */ = {isa = PBXFileReference; lastKnownFileType = file; name = SpaceGrotesk.ttf; path = ../assets/fonts/SpaceGrotesk.ttf; sourceTree = SOURCE_ROOT; };
		EC54A43A8D4051B988452A9D /* IRClipboard.mm */ = {isa = PBXFileReference; includeInIndex = 1; lastKnownFileType = sourcecode.cpp.objcpp; name = IRClipboard.mm; path = ../../app/native/IRClipboard/IRClipboard.mm; sourceTree = "<group>"; };
		ED297162215061F000B7C4FE /* JavaScriptCore.framework */ = {isa = PBXFileReference; lastKnownFileType = wrapper.framework; name = JavaScriptCore.framework; path = System/Library/Frameworks/JavaScriptCore.framework; sourceTree = SDKROOT; };
		F1B8EE7491BC29C0FD958267 /* IRActionMenuManager.h */ = {isa = PBXFileReference; includeInIndex = 1; lastKnownFileType = sourcecode.c.h; name = IRActionMenuManager.h; path = ../../app/native/IRActionMenuManager/IRActionMenuManager.h; sourceTree = "<group>"; };
		F84D6E4D0800659BD68D7BF3 /* libPods-Reactotron-macOS.a */ = {isa = PBXFileReference; explicitFileType = archive.ar; includeInIndex = 0; path = "libPods-Reactotron-macOS.a"; sourceTree = BUILT_PRODUCTS_DIR; };
		FAD97D6826CB49759F99BC4D /* IRRunShellCommand.mm */ = {isa = PBXFileReference; includeInIndex = 1; lastKnownFileType = sourcecode.cpp.objcpp; name = IRRunShellCommand.mm; path = ../../app/native/IRRunShellCommand/IRRunShellCommand.mm; sourceTree = "<group>"; };
		FE5AD41C3F8CD3A0D9F46BE4 /* IRFontList.mm */ = {isa = PBXFileReference; includeInIndex = 1; lastKnownFileType = sourcecode.cpp.objcpp; name = IRFontList.mm; path = ../../app/native/IRFontList/IRFontList.mm; sourceTree = "<group>"; };
/* End PBXFileReference section */

/* Begin PBXFrameworksBuildPhase section */
		514201462437B4B30078DB4F /* Frameworks */ = {
			isa = PBXFrameworksBuildPhase;
			buildActionMask = 2147483647;
			files = (
				580FDC959613C3DDF5C47E31 /* libPods-Reactotron-macOS.a in Frameworks */,
			);
			runOnlyForDeploymentPostprocessing = 0;
		};
/* End PBXFrameworksBuildPhase section */

/* Begin PBXGroup section */
		01D19913288DA74FEB538384 /* Pods */ = {
			isa = PBXGroup;
			children = (
				CBA768848D07B4EDA42574FD /* Pods-Reactotron-macOS.debug.xcconfig */,
				CF52DE317C310410AD0A2A0C /* Pods-Reactotron-macOS.release.xcconfig */,
			);
			path = Pods;
			sourceTree = "<group>";
		};
		2D16E6871FA4F8E400B85C8A /* Frameworks */ = {
			isa = PBXGroup;
			children = (
				ED297162215061F000B7C4FE /* JavaScriptCore.framework */,
				F84D6E4D0800659BD68D7BF3 /* libPods-Reactotron-macOS.a */,
			);
			name = Frameworks;
			sourceTree = "<group>";
		};
		5142014A2437B4B30078DB4F /* Reactotron-macOS */ = {
			isa = PBXGroup;
			children = (
				5142014B2437B4B30078DB4F /* AppDelegate.h */,
				5142014C2437B4B30078DB4F /* AppDelegate.mm */,
				514201512437B4B40078DB4F /* Assets.xcassets */,
				514201532437B4B40078DB4F /* Main.storyboard */,
				514201562437B4B40078DB4F /* Info.plist */,
				514201572437B4B40078DB4F /* main.m */,
				514201592437B4B40078DB4F /* Reactotron.entitlements */,
				9E90342DBE1B396F592DF34B /* Colocated */,
			);
			path = "Reactotron-macOS";
			sourceTree = "<group>";
		};
		832341AE1AAA6A7D00B99B32 /* Libraries */ = {
			isa = PBXGroup;
			children = (
			);
			name = Libraries;
			sourceTree = "<group>";
		};
		83CBB9F61A601CBA00E9B192 = {
			isa = PBXGroup;
			children = (
				E94E8A1E2DA73754008B52A6 /* SpaceGrotesk.ttf */,
				5142014A2437B4B30078DB4F /* Reactotron-macOS */,
				832341AE1AAA6A7D00B99B32 /* Libraries */,
				83CBBA001A601CBA00E9B192 /* Products */,
				2D16E6871FA4F8E400B85C8A /* Frameworks */,
				5030E1330EE236E4CA991AFD /* PrivacyInfo.xcprivacy */,
				01D19913288DA74FEB538384 /* Pods */,
			);
			indentWidth = 2;
			sourceTree = "<group>";
			tabWidth = 2;
			usesTabs = 0;
		};
		83CBBA001A601CBA00E9B192 /* Products */ = {
			isa = PBXGroup;
			children = (
				514201492437B4B30078DB4F /* Reactotron.app */,
			);
			name = Products;
			sourceTree = "<group>";
		};
		9E90342DBE1B396F592DF34B /* Colocated */ = {
			isa = PBXGroup;
			children = (
				5D4F107F2E4E8CF6001FD625 /* IRMenuItemManager.h */,
				5D4F10802E4E8CF6001FD625 /* IRMenuItemManager.mm */,
				FE5AD41C3F8CD3A0D9F46BE4 /* IRFontList.mm */,
				319F1104D3501DE65D5F95E3 /* IRKeyboard.mm */,
				FAD97D6826CB49759F99BC4D /* IRRunShellCommand.mm */,
				E4AE94BBA1DA3B220C0E99D4 /* IRExperimental.mm */,
				EC54A43A8D4051B988452A9D /* IRClipboard.mm */,
				9710711BB1E9A76275DB3F3D /* IRSystemInfo.mm */,
				5A1F3D336FBDB9DFE36BC4F4 /* IRTabComponentView.h */,
				3E5D5071E456C105AE0E1403 /* IRTabComponentView.mm */,
				4F3799E74F7D2A242D38CF99 /* ProcessUtils.c */,
				8B174B7FD8393A730D51E178 /* ProcessUtils.h */,
				0D6AD1F8EA79D36002970561 /* IRFontList.h */,
				14E2432B1B313E983C855322 /* IRKeyboard.h */,
				342209ED6A197A4C967B99D7 /* IRClipboard.h */,
				CB9465B5B2AD9013E736115C /* IRExperimental.h */,
				7A78195A4E34D4BD895B11B6 /* IRRandom.h */,
				AC5E60FBAA17E2908A99A86D /* IRRandom.mm */,
				9F2D1656A299D91E2C36B57A /* IRRunShellCommand.h */,
				8940E9CE29AC22E267563A45 /* IRSystemInfo.h */,
				F1B8EE7491BC29C0FD958267 /* IRActionMenuManager.h */,
				80F4F6B022222070325D08AD /* IRActionMenuManager.mm */,
			);
			name = Colocated;
			sourceTree = "<group>";
		};
/* End PBXGroup section */

/* Begin PBXHeadersBuildPhase section */
		614A44CF57166CA8B6AD60B6 /* Headers */ = {
			isa = PBXHeadersBuildPhase;
			buildActionMask = 2147483647;
			files = (
				EBA23295D3FDE3328174ADF1 /* BuildFile in Headers */,
				5D4F10822E4E8CF6001FD625 /* IRMenuItemManager.h in Headers */,
				E6D143E50CDB44E4EF4F6317 /* IRTabComponentView.h in Headers */,
				FF4C4719434907CDFF48ECE7 /* ProcessUtils.h in Headers */,
				04DC03DAB7F9C7FB91ADAF22 /* IRClipboard.h in Headers */,
				9920FF3904BE57AC0A9A7934 /* IRExperimental.h in Headers */,
				0C8F269081792CBC959DA3E1 /* IRFontList.h in Headers */,
				EDEF6E5C63C45EAE06FFC1E6 /* IRKeyboard.h in Headers */,
				5CD63D88AE8814909F53CBFB /* IRRandom.h in Headers */,
				8C89EDFB05AECC058BEEAC9C /* IRRunShellCommand.h in Headers */,
				F29FD1592CD668F17E7C6D8C /* IRSystemInfo.h in Headers */,
				8452BE2DDA6CACEAD0B97421 /* IRContextMenuManager.h in Headers */,
			);
			runOnlyForDeploymentPostprocessing = 0;
		};
/* End PBXHeadersBuildPhase section */

/* Begin PBXNativeTarget section */
		514201482437B4B30078DB4F /* Reactotron-macOS */ = {
			isa = PBXNativeTarget;
			buildConfigurationList = 5142015A2437B4B40078DB4F /* Build configuration list for PBXNativeTarget "Reactotron-macOS" */;
			buildPhases = (
				1A938104A937498D81B3BD3B /* [CP] Check Pods Manifest.lock */,
				514201452437B4B30078DB4F /* Sources */,
				514201462437B4B30078DB4F /* Frameworks */,
				514201472437B4B30078DB4F /* Resources */,
				381D8A6E24576A4E00465D17 /* Bundle React Native code and images */,
				5831C38FB438951FD60B6077 /* [CP] Copy Pods Resources */,
				57B76DE35CF200CE7D7D9438 /* [CP] Embed Pods Frameworks */,
				614A44CF57166CA8B6AD60B6 /* Headers */,
			);
			buildRules = (
			);
			dependencies = (
			);
			name = "Reactotron-macOS";
			productName = Reactotron;
			productReference = 514201492437B4B30078DB4F /* Reactotron.app */;
			productType = "com.apple.product-type.application";
		};
/* End PBXNativeTarget section */

/* Begin PBXProject section */
		83CBB9F71A601CBA00E9B192 /* Project object */ = {
			isa = PBXProject;
			attributes = {
				LastUpgradeCheck = 1130;
				TargetAttributes = {
					514201482437B4B30078DB4F = {
						CreatedOnToolsVersion = 11.4;
						DevelopmentTeam = L7YNDPLSEB;
						ProvisioningStyle = Automatic;
					};
				};
			};
			buildConfigurationList = 83CBB9FA1A601CBA00E9B192 /* Build configuration list for PBXProject "Reactotron" */;
			compatibilityVersion = "Xcode 3.2";
			developmentRegion = en;
			hasScannedForEncodings = 0;
			knownRegions = (
				en,
				Base,
			);
			mainGroup = 83CBB9F61A601CBA00E9B192;
			productRefGroup = 83CBBA001A601CBA00E9B192 /* Products */;
			projectDirPath = "";
			projectRoot = "";
			targets = (
				514201482437B4B30078DB4F /* Reactotron-macOS */,
			);
		};
/* End PBXProject section */

/* Begin PBXResourcesBuildPhase section */
		514201472437B4B30078DB4F /* Resources */ = {
			isa = PBXResourcesBuildPhase;
			buildActionMask = 2147483647;
			files = (
				514201522437B4B40078DB4F /* Assets.xcassets in Resources */,
				514201552437B4B40078DB4F /* Main.storyboard in Resources */,
				1BCAFE1EAF4275451E5A2CA2 /* PrivacyInfo.xcprivacy in Resources */,
				E94E8A1F2DA73754008B52A6 /* SpaceGrotesk.ttf in Resources */,
			);
			runOnlyForDeploymentPostprocessing = 0;
		};
/* End PBXResourcesBuildPhase section */

/* Begin PBXShellScriptBuildPhase section */
		1A938104A937498D81B3BD3B /* [CP] Check Pods Manifest.lock */ = {
			isa = PBXShellScriptBuildPhase;
			buildActionMask = 2147483647;
			files = (
			);
			inputFileListPaths = (
			);
			inputPaths = (
				"${PODS_PODFILE_DIR_PATH}/Podfile.lock",
				"${PODS_ROOT}/Manifest.lock",
			);
			name = "[CP] Check Pods Manifest.lock";
			outputFileListPaths = (
			);
			outputPaths = (
				"$(DERIVED_FILE_DIR)/Pods-Reactotron-macOS-checkManifestLockResult.txt",
			);
			runOnlyForDeploymentPostprocessing = 0;
			shellPath = /bin/sh;
			shellScript = "diff \"${PODS_PODFILE_DIR_PATH}/Podfile.lock\" \"${PODS_ROOT}/Manifest.lock\" > /dev/null\nif [ $? != 0 ] ; then\n    # print error to STDERR\n    echo \"error: The sandbox is not in sync with the Podfile.lock. Run 'pod install' or update your CocoaPods installation.\" >&2\n    exit 1\nfi\n# This output is used by Xcode 'outputs' to avoid re-running this script phase.\necho \"SUCCESS\" > \"${SCRIPT_OUTPUT_FILE_0}\"\n";
			showEnvVarsInLog = 0;
		};
		381D8A6E24576A4E00465D17 /* Bundle React Native code and images */ = {
			isa = PBXShellScriptBuildPhase;
			buildActionMask = 2147483647;
			files = (
			);
			inputFileListPaths = (
			);
			inputPaths = (
			);
			name = "Bundle React Native code and images";
			outputFileListPaths = (
			);
			outputPaths = (
			);
			runOnlyForDeploymentPostprocessing = 0;
			shellPath = /bin/sh;
			shellScript = "export NODE_BINARY=node\n../node_modules/react-native-macos/scripts/react-native-xcode.sh\n";
		};
		57B76DE35CF200CE7D7D9438 /* [CP] Embed Pods Frameworks */ = {
			isa = PBXShellScriptBuildPhase;
			buildActionMask = 2147483647;
			files = (
			);
			inputPaths = (
				"${PODS_ROOT}/Target Support Files/Pods-Reactotron-macOS/Pods-Reactotron-macOS-frameworks.sh",
				"${PODS_ROOT}/hermes-engine/destroot/Library/Frameworks/macosx/hermes.framework",
			);
			name = "[CP] Embed Pods Frameworks";
			outputPaths = (
				"${TARGET_BUILD_DIR}/${FRAMEWORKS_FOLDER_PATH}/hermes.framework",
			);
			runOnlyForDeploymentPostprocessing = 0;
			shellPath = /bin/sh;
			shellScript = "\"${PODS_ROOT}/Target Support Files/Pods-Reactotron-macOS/Pods-Reactotron-macOS-frameworks.sh\"\n";
			showEnvVarsInLog = 0;
		};
		5831C38FB438951FD60B6077 /* [CP] Copy Pods Resources */ = {
			isa = PBXShellScriptBuildPhase;
			buildActionMask = 2147483647;
			files = (
			);
			inputPaths = (
				"${PODS_ROOT}/Target Support Files/Pods-Reactotron-macOS/Pods-Reactotron-macOS-resources.sh",
				"${PODS_CONFIGURATION_BUILD_DIR}/RCT-Folly/RCT-Folly_privacy.bundle",
				"${PODS_CONFIGURATION_BUILD_DIR}/React-Core/React-Core_privacy.bundle",
				"${PODS_CONFIGURATION_BUILD_DIR}/React-cxxreact/React-cxxreact_privacy.bundle",
				"${PODS_CONFIGURATION_BUILD_DIR}/boost/boost_privacy.bundle",
				"${PODS_CONFIGURATION_BUILD_DIR}/glog/glog_privacy.bundle",
			);
			name = "[CP] Copy Pods Resources";
			outputPaths = (
				"${TARGET_BUILD_DIR}/${UNLOCALIZED_RESOURCES_FOLDER_PATH}/RCT-Folly_privacy.bundle",
				"${TARGET_BUILD_DIR}/${UNLOCALIZED_RESOURCES_FOLDER_PATH}/React-Core_privacy.bundle",
				"${TARGET_BUILD_DIR}/${UNLOCALIZED_RESOURCES_FOLDER_PATH}/React-cxxreact_privacy.bundle",
				"${TARGET_BUILD_DIR}/${UNLOCALIZED_RESOURCES_FOLDER_PATH}/boost_privacy.bundle",
				"${TARGET_BUILD_DIR}/${UNLOCALIZED_RESOURCES_FOLDER_PATH}/glog_privacy.bundle",
			);
			runOnlyForDeploymentPostprocessing = 0;
			shellPath = /bin/sh;
			shellScript = "\"${PODS_ROOT}/Target Support Files/Pods-Reactotron-macOS/Pods-Reactotron-macOS-resources.sh\"\n";
			showEnvVarsInLog = 0;
		};
/* End PBXShellScriptBuildPhase section */

/* Begin PBXSourcesBuildPhase section */
		514201452437B4B30078DB4F /* Sources */ = {
			isa = PBXSourcesBuildPhase;
			buildActionMask = 2147483647;
			files = (
				514201582437B4B40078DB4F /* main.m in Sources */,
				5142014D2437B4B30078DB4F /* AppDelegate.mm in Sources */,
				6135879D33EC07D3C9C18C4F /* IRFontList.mm in Sources */,
				588287D9AE6F6C0B870AD4FD /* IRKeyboard.mm in Sources */,
				FC7E3F03E44EFAB0E8D1C20D /* IRRunShellCommand.mm in Sources */,
				1BCF4C7A5E00CBE218AF24F4 /* BuildFile in Sources */,
				261E8857E7343B5DDCDD5AC5 /* BuildFile in Sources */,
				298D667D4BBD0AE77C91E7F2 /* IRExperimental.mm in Sources */,
				5D4F10812E4E8CF6001FD625 /* IRMenuItemManager.mm in Sources */,
				A653779FBFCA255610039FB6 /* IRClipboard.mm in Sources */,
				4E8B1B6EDFC825CBE0623C35 /* IRSystemInfo.mm in Sources */,
				9A857687D246FD7F334FDC01 /* IRTabComponentView.mm in Sources */,
				831983FBC55C0EF9C65DB4A6 /* ProcessUtils.c in Sources */,
				D2EAB5E25ECD9A5F2B8B5C67 /* IRRandom.mm in Sources */,
				A722680BDEF99E4DCC860711 /* IRContextMenuManager.mm in Sources */,
			);
			runOnlyForDeploymentPostprocessing = 0;
		};
/* End PBXSourcesBuildPhase section */

/* Begin PBXVariantGroup section */
		514201532437B4B40078DB4F /* Main.storyboard */ = {
			isa = PBXVariantGroup;
			children = (
				514201542437B4B40078DB4F /* Base */,
			);
			name = Main.storyboard;
			sourceTree = "<group>";
		};
/* End PBXVariantGroup section */

/* Begin XCBuildConfiguration section */
		5142015B2437B4B40078DB4F /* Debug */ = {
			isa = XCBuildConfiguration;
			baseConfigurationReference = CBA768848D07B4EDA42574FD /* Pods-Reactotron-macOS.debug.xcconfig */;
			buildSettings = {
				ASSETCATALOG_COMPILER_APPICON_NAME = AppIcon;
				CLANG_ENABLE_MODULES = YES;
				"CODE_SIGN_IDENTITY[sdk=macosx*]" = "-";
				CURRENT_PROJECT_VERSION = 1;
				DEAD_CODE_STRIPPING = NO;
				DEVELOPMENT_TEAM = L7YNDPLSEB;
				INFOPLIST_FILE = "Reactotron-macos/Info.plist";
				INFOPLIST_KEY_LSApplicationCategoryType = "public.app-category.utilities";
				LD_RUNPATH_SEARCH_PATHS = "$(inherited) @executable_path/Frameworks";
				MACOSX_DEPLOYMENT_TARGET = 14.6;
				OTHER_LDFLAGS = (
					"$(inherited)",
					"-ObjC",
					"-lc++",
				);
				PRODUCT_BUNDLE_IDENTIFIER = com.infinitered.reactotron;
				PRODUCT_NAME = Reactotron;
				SDKROOT = macosx;
				SWIFT_OPTIMIZATION_LEVEL = "-Onone";
				SWIFT_VERSION = 5.0;
			};
			name = Debug;
		};
		5142015C2437B4B40078DB4F /* Release */ = {
			isa = XCBuildConfiguration;
			baseConfigurationReference = CF52DE317C310410AD0A2A0C /* Pods-Reactotron-macOS.release.xcconfig */;
			buildSettings = {
				ASSETCATALOG_COMPILER_APPICON_NAME = AppIcon;
				CLANG_ENABLE_MODULES = YES;
				"CODE_SIGN_IDENTITY[sdk=macosx*]" = "-";
				CURRENT_PROJECT_VERSION = 1;
				DEVELOPMENT_TEAM = L7YNDPLSEB;
				INFOPLIST_FILE = "Reactotron-macos/Info.plist";
				INFOPLIST_KEY_LSApplicationCategoryType = "public.app-category.utilities";
				LD_RUNPATH_SEARCH_PATHS = "$(inherited) @executable_path/Frameworks";
				MACOSX_DEPLOYMENT_TARGET = 14.6;
				OTHER_LDFLAGS = (
					"$(inherited)",
					"-ObjC",
					"-lc++",
				);
				PRODUCT_BUNDLE_IDENTIFIER = com.infinitered.reactotron;
				PRODUCT_NAME = Reactotron;
				SDKROOT = macosx;
				SWIFT_VERSION = 5.0;
			};
			name = Release;
		};
		83CBBA201A601CBA00E9B192 /* Debug */ = {
			isa = XCBuildConfiguration;
			buildSettings = {
				ALWAYS_SEARCH_USER_PATHS = NO;
				CLANG_ANALYZER_LOCALIZABILITY_NONLOCALIZED = YES;
				CLANG_CXX_LANGUAGE_STANDARD = "c++20";
				CLANG_CXX_LIBRARY = "libc++";
				CLANG_ENABLE_MODULES = YES;
				CLANG_ENABLE_OBJC_ARC = YES;
				CLANG_WARN_BLOCK_CAPTURE_AUTORELEASING = YES;
				CLANG_WARN_BOOL_CONVERSION = YES;
				CLANG_WARN_COMMA = YES;
				CLANG_WARN_CONSTANT_CONVERSION = YES;
				CLANG_WARN_DEPRECATED_OBJC_IMPLEMENTATIONS = YES;
				CLANG_WARN_DIRECT_OBJC_ISA_USAGE = YES_ERROR;
				CLANG_WARN_EMPTY_BODY = YES;
				CLANG_WARN_ENUM_CONVERSION = YES;
				CLANG_WARN_INFINITE_RECURSION = YES;
				CLANG_WARN_INT_CONVERSION = YES;
				CLANG_WARN_NON_LITERAL_NULL_CONVERSION = YES;
				CLANG_WARN_OBJC_IMPLICIT_RETAIN_SELF = YES;
				CLANG_WARN_OBJC_LITERAL_CONVERSION = YES;
				CLANG_WARN_OBJC_ROOT_CLASS = YES_ERROR;
				CLANG_WARN_RANGE_LOOP_ANALYSIS = YES;
				CLANG_WARN_STRICT_PROTOTYPES = YES;
				CLANG_WARN_SUSPICIOUS_MOVE = YES;
				CLANG_WARN_UNREACHABLE_CODE = YES;
				CLANG_WARN__DUPLICATE_METHOD_MATCH = YES;
				"CODE_SIGN_IDENTITY[sdk=iphoneos*]" = "iPhone Developer";
				COPY_PHASE_STRIP = NO;
				ENABLE_STRICT_OBJC_MSGSEND = YES;
				ENABLE_TESTABILITY = YES;
				GCC_C_LANGUAGE_STANDARD = gnu99;
				GCC_DYNAMIC_NO_PIC = NO;
				GCC_NO_COMMON_BLOCKS = YES;
				GCC_OPTIMIZATION_LEVEL = 0;
				GCC_PREPROCESSOR_DEFINITIONS = (
					"DEBUG=1",
					"$(inherited)",
				);
				GCC_SYMBOLS_PRIVATE_EXTERN = NO;
				GCC_WARN_64_TO_32_BIT_CONVERSION = YES;
				GCC_WARN_ABOUT_RETURN_TYPE = YES_ERROR;
				GCC_WARN_UNDECLARED_SELECTOR = YES;
				GCC_WARN_UNINITIALIZED_AUTOS = YES_AGGRESSIVE;
				GCC_WARN_UNUSED_FUNCTION = YES;
				GCC_WARN_UNUSED_VARIABLE = YES;
				IPHONEOS_DEPLOYMENT_TARGET = 9.0;
				LD_RUNPATH_SEARCH_PATHS = "/usr/lib/swift $(inherited)";
				LIBRARY_SEARCH_PATHS = (
					"$(SDKROOT)/usr/lib/swift",
					"\"$(TOOLCHAIN_DIR)/usr/lib/swift/$(PLATFORM_NAME)\"",
					"\"$(inherited)\"",
				);
				MTL_ENABLE_DEBUG_INFO = YES;
				ONLY_ACTIVE_ARCH = YES;
				OTHER_LDFLAGS = (
					"$(inherited)",
					" ",
				);
				REACT_NATIVE_PATH = "${PODS_ROOT}/../../node_modules/react-native";
				SDKROOT = iphoneos;
				SWIFT_ACTIVE_COMPILATION_CONDITIONS = "$(inherited) DEBUG";
				USE_HERMES = true;
			};
			name = Debug;
		};
		83CBBA211A601CBA00E9B192 /* Release */ = {
			isa = XCBuildConfiguration;
			buildSettings = {
				ALWAYS_SEARCH_USER_PATHS = NO;
				CLANG_ANALYZER_LOCALIZABILITY_NONLOCALIZED = YES;
				CLANG_CXX_LANGUAGE_STANDARD = "c++20";
				CLANG_CXX_LIBRARY = "libc++";
				CLANG_ENABLE_MODULES = YES;
				CLANG_ENABLE_OBJC_ARC = YES;
				CLANG_WARN_BLOCK_CAPTURE_AUTORELEASING = YES;
				CLANG_WARN_BOOL_CONVERSION = YES;
				CLANG_WARN_COMMA = YES;
				CLANG_WARN_CONSTANT_CONVERSION = YES;
				CLANG_WARN_DEPRECATED_OBJC_IMPLEMENTATIONS = YES;
				CLANG_WARN_DIRECT_OBJC_ISA_USAGE = YES_ERROR;
				CLANG_WARN_EMPTY_BODY = YES;
				CLANG_WARN_ENUM_CONVERSION = YES;
				CLANG_WARN_INFINITE_RECURSION = YES;
				CLANG_WARN_INT_CONVERSION = YES;
				CLANG_WARN_NON_LITERAL_NULL_CONVERSION = YES;
				CLANG_WARN_OBJC_IMPLICIT_RETAIN_SELF = YES;
				CLANG_WARN_OBJC_LITERAL_CONVERSION = YES;
				CLANG_WARN_OBJC_ROOT_CLASS = YES_ERROR;
				CLANG_WARN_RANGE_LOOP_ANALYSIS = YES;
				CLANG_WARN_STRICT_PROTOTYPES = YES;
				CLANG_WARN_SUSPICIOUS_MOVE = YES;
				CLANG_WARN_UNREACHABLE_CODE = YES;
				CLANG_WARN__DUPLICATE_METHOD_MATCH = YES;
				"CODE_SIGN_IDENTITY[sdk=iphoneos*]" = "iPhone Developer";
				COPY_PHASE_STRIP = YES;
				ENABLE_NS_ASSERTIONS = NO;
				ENABLE_STRICT_OBJC_MSGSEND = YES;
				GCC_C_LANGUAGE_STANDARD = gnu99;
				GCC_NO_COMMON_BLOCKS = YES;
				GCC_WARN_64_TO_32_BIT_CONVERSION = YES;
				GCC_WARN_ABOUT_RETURN_TYPE = YES_ERROR;
				GCC_WARN_UNDECLARED_SELECTOR = YES;
				GCC_WARN_UNINITIALIZED_AUTOS = YES_AGGRESSIVE;
				GCC_WARN_UNUSED_FUNCTION = YES;
				GCC_WARN_UNUSED_VARIABLE = YES;
				IPHONEOS_DEPLOYMENT_TARGET = 9.0;
				LD_RUNPATH_SEARCH_PATHS = "/usr/lib/swift $(inherited)";
				LIBRARY_SEARCH_PATHS = (
					"$(SDKROOT)/usr/lib/swift",
					"\"$(TOOLCHAIN_DIR)/usr/lib/swift/$(PLATFORM_NAME)\"",
					"\"$(inherited)\"",
				);
				MTL_ENABLE_DEBUG_INFO = NO;
				OTHER_LDFLAGS = (
					"$(inherited)",
					" ",
				);
				REACT_NATIVE_PATH = "${PODS_ROOT}/../../node_modules/react-native";
				SDKROOT = iphoneos;
				USE_HERMES = true;
				VALIDATE_PRODUCT = YES;
			};
			name = Release;
		};
/* End XCBuildConfiguration section */

/* Begin XCConfigurationList section */
		5142015A2437B4B40078DB4F /* Build configuration list for PBXNativeTarget "Reactotron-macOS" */ = {
			isa = XCConfigurationList;
			buildConfigurations = (
				5142015B2437B4B40078DB4F /* Debug */,
				5142015C2437B4B40078DB4F /* Release */,
			);
			defaultConfigurationIsVisible = 0;
			defaultConfigurationName = Release;
		};
		83CBB9FA1A601CBA00E9B192 /* Build configuration list for PBXProject "Reactotron" */ = {
			isa = XCConfigurationList;
			buildConfigurations = (
				83CBBA201A601CBA00E9B192 /* Debug */,
				83CBBA211A601CBA00E9B192 /* Release */,
			);
			defaultConfigurationIsVisible = 0;
			defaultConfigurationName = Release;
		};
/* End XCConfigurationList section */
	};
	rootObject = 83CBB9F71A601CBA00E9B192 /* Project object */;
}
