// !$*UTF8*$!
{
	archiveVersion = 1;
	classes = {
	};
	objectVersion = 46;
	objects = {

/* Begin PBXBuildFile section */
		0D175A6E22A1D4C3030F9ECF /* ProcessUtils.h in Headers */ = {isa = PBXBuildFile; fileRef = 03DEDD5032BF9AA9D3F93C29 /* ProcessUtils.h */; };
		1860A1FD0B9EA714759D1FD7 /* IRExperimental.mm in Sources */ = {isa = PBXBuildFile; fileRef = 8D819F283104F1649CC13420 /* IRExperimental.mm */; };
		1BCAFE1EAF4275451E5A2CA2 /* PrivacyInfo.xcprivacy in Resources */ = {isa = PBXBuildFile; fileRef = 5030E1330EE236E4CA991AFD /* PrivacyInfo.xcprivacy */; };
		1BCF4C7A5E00CBE218AF24F4 /* BuildFile in Sources */ = {isa = PBXBuildFile; };
		1E0258E4B96C4445CA12BF04 /* IRMenuItemManager.h in Headers */ = {isa = PBXBuildFile; fileRef = 58E37E2E3E8A06DAB96CB870 /* IRMenuItemManager.h */; };
		2313978D96BCC1F35D5115F7 /* libPods-Reactotron-macOS.a in Frameworks */ = {isa = PBXBuildFile; fileRef = 9328316ABC4E3D0CCB54AE5A /* libPods-Reactotron-macOS.a */; };
		261E8857E7343B5DDCDD5AC5 /* BuildFile in Sources */ = {isa = PBXBuildFile; };
		2F4CD9132A5FACEBFAB9C358 /* IRRandom.mm in Sources */ = {isa = PBXBuildFile; fileRef = AC7291404B0CE03EAD30B707 /* IRRandom.mm */; };
		307542DB384D83D57788634B /* IRRunShellCommand.h in Headers */ = {isa = PBXBuildFile; fileRef = BB2EB92A4881ECE7C412D855 /* IRRunShellCommand.h */; };
		321E467A70AB2C9E3CE85F34 /* IRRandom.h in Headers */ = {isa = PBXBuildFile; fileRef = 6501CE75F1271E64FB156DF9 /* IRRandom.h */; };
		5142014D2437B4B30078DB4F /* AppDelegate.mm in Sources */ = {isa = PBXBuildFile; fileRef = 5142014C2437B4B30078DB4F /* AppDelegate.mm */; };
		514201522437B4B40078DB4F /* Assets.xcassets in Resources */ = {isa = PBXBuildFile; fileRef = 514201512437B4B40078DB4F /* Assets.xcassets */; };
		514201552437B4B40078DB4F /* Main.storyboard in Resources */ = {isa = PBXBuildFile; fileRef = 514201532437B4B40078DB4F /* Main.storyboard */; };
		514201582437B4B40078DB4F /* main.m in Sources */ = {isa = PBXBuildFile; fileRef = 514201572437B4B40078DB4F /* main.m */; };
		6AD77C16EDF95A89046A1714 /* IRExperimental.h in Headers */ = {isa = PBXBuildFile; fileRef = 4E099116A8338C8054280129 /* IRExperimental.h */; };
		6BD54238696ED08A6BAB9002 /* IRSystemInfo.h in Headers */ = {isa = PBXBuildFile; fileRef = 494A1764BDD5A63A7238D6F8 /* IRSystemInfo.h */; };
		73E2BB2199B1A52F261A50EE /* ProcessUtils.c in Sources */ = {isa = PBXBuildFile; fileRef = 58CAA7D94E5C234204ADBD6D /* ProcessUtils.c */; };
		7D02C2170DDE37F670C255CE /* IRMenuItemManager.mm in Sources */ = {isa = PBXBuildFile; fileRef = C61BAAF6316215E97B301880 /* IRMenuItemManager.mm */; };
		A5CE69451CC2BF8D8895FDCF /* IRFontList.mm in Sources */ = {isa = PBXBuildFile; fileRef = 8DB4762448AEBF80D95EC3C4 /* IRFontList.mm */; };
		A6EE0E7E4A7D85B0EB8FC263 /* IRKeyboard.mm in Sources */ = {isa = PBXBuildFile; fileRef = E5BE7F5CD724EA1D79765898 /* IRKeyboard.mm */; };
		A9BB56C3FDAB5A4C2D9779E4 /* IRRunShellCommand.mm in Sources */ = {isa = PBXBuildFile; fileRef = 1D2A0DBF5545113C8B39A9F5 /* IRRunShellCommand.mm */; };
		B65A5E9651A4C3ACC1408E75 /* IRSystemInfo.mm in Sources */ = {isa = PBXBuildFile; fileRef = 1550BCC6B89B52A7F69FDA71 /* IRSystemInfo.mm */; };
		B99E5342E43ACF9EC9E2EA25 /* IRKeyboard.h in Headers */ = {isa = PBXBuildFile; fileRef = 84EC6BAA6181B64DFF4CB3C2 /* IRKeyboard.h */; };
		C42DA9F60F9F30DA22288751 /* IRClipboard.mm in Sources */ = {isa = PBXBuildFile; fileRef = 328323C99C4D6BD8FFC4520B /* IRClipboard.mm */; };
		E94E8A1F2DA73754008B52A6 /* SpaceGrotesk.ttf in Resources */ = {isa = PBXBuildFile; fileRef = E94E8A1E2DA73754008B52A6 /* SpaceGrotesk.ttf */; };
		EBA23295D3FDE3328174ADF1 /* BuildFile in Headers */ = {isa = PBXBuildFile; };
		ED12F731BB6DCFAB0EBF4EB8 /* IRClipboard.h in Headers */ = {isa = PBXBuildFile; fileRef = EC8D78744B9A1BC20CA2CE22 /* IRClipboard.h */; };
		F737A020C16A6CCFA911DF30 /* IRTabComponentView.mm in Sources */ = {isa = PBXBuildFile; fileRef = 5CC6D49A37A49AB2196D370F /* IRTabComponentView.mm */; };
		F7993E6D5DF3E39C1479B596 /* IRTabComponentView.h in Headers */ = {isa = PBXBuildFile; fileRef = F8239D3859489FD3A291C19E /* IRTabComponentView.h */; };
		FBDE304E37A05BBA94A1815A /* IRFontList.h in Headers */ = {isa = PBXBuildFile; fileRef = 9B19433AB6C513E5D2D9A51F /* IRFontList.h */; };
/* End PBXBuildFile section */

/* Begin PBXFileReference section */
		03DEDD5032BF9AA9D3F93C29 /* ProcessUtils.h */ = {isa = PBXFileReference; includeInIndex = 1; lastKnownFileType = sourcecode.c.h; name = ProcessUtils.h; path = ../../app/native/ProcessUtils/ProcessUtils.h; sourceTree = "<group>"; };
		1550BCC6B89B52A7F69FDA71 /* IRSystemInfo.mm */ = {isa = PBXFileReference; includeInIndex = 1; name = IRSystemInfo.mm; path = ../../app/native/IRSystemInfo/IRSystemInfo.mm; sourceTree = "<group>"; };
		1D2A0DBF5545113C8B39A9F5 /* IRRunShellCommand.mm */ = {isa = PBXFileReference; includeInIndex = 1; name = IRRunShellCommand.mm; path = ../../app/native/IRRunShellCommand/IRRunShellCommand.mm; sourceTree = "<group>"; };
		25B6212C60F8D2924DDDD7E5 /* Pods-Reactotron-macOS.debug.xcconfig */ = {isa = PBXFileReference; includeInIndex = 1; lastKnownFileType = text.xcconfig; name = "Pods-Reactotron-macOS.debug.xcconfig"; path = "Target Support Files/Pods-Reactotron-macOS/Pods-Reactotron-macOS.debug.xcconfig"; sourceTree = "<group>"; };
		328323C99C4D6BD8FFC4520B /* IRClipboard.mm */ = {isa = PBXFileReference; includeInIndex = 1; name = IRClipboard.mm; path = ../../app/native/IRClipboard/IRClipboard.mm; sourceTree = "<group>"; };
		494A1764BDD5A63A7238D6F8 /* IRSystemInfo.h */ = {isa = PBXFileReference; includeInIndex = 1; lastKnownFileType = sourcecode.c.h; name = IRSystemInfo.h; path = ../build/generated/colocated/IRSystemInfo.h; sourceTree = "<group>"; };
		4E099116A8338C8054280129 /* IRExperimental.h */ = {isa = PBXFileReference; includeInIndex = 1; lastKnownFileType = sourcecode.c.h; name = IRExperimental.h; path = ../build/generated/colocated/IRExperimental.h; sourceTree = "<group>"; };
		5030E1330EE236E4CA991AFD /* PrivacyInfo.xcprivacy */ = {isa = PBXFileReference; includeInIndex = 1; lastKnownFileType = text.xml; path = PrivacyInfo.xcprivacy; sourceTree = "<group>"; };
		514201492437B4B30078DB4F /* Reactotron.app */ = {isa = PBXFileReference; explicitFileType = wrapper.application; includeInIndex = 0; path = Reactotron.app; sourceTree = BUILT_PRODUCTS_DIR; };
		5142014B2437B4B30078DB4F /* AppDelegate.h */ = {isa = PBXFileReference; lastKnownFileType = sourcecode.c.h; path = AppDelegate.h; sourceTree = "<group>"; };
		5142014C2437B4B30078DB4F /* AppDelegate.mm */ = {isa = PBXFileReference; lastKnownFileType = sourcecode.cpp.objcpp; path = AppDelegate.mm; sourceTree = "<group>"; };
		514201512437B4B40078DB4F /* Assets.xcassets */ = {isa = PBXFileReference; lastKnownFileType = folder.assetcatalog; path = Assets.xcassets; sourceTree = "<group>"; };
		514201542437B4B40078DB4F /* Base */ = {isa = PBXFileReference; lastKnownFileType = file.storyboard; name = Base; path = Base.lproj/Main.storyboard; sourceTree = "<group>"; };
		514201562437B4B40078DB4F /* Info.plist */ = {isa = PBXFileReference; lastKnownFileType = text.plist.xml; path = Info.plist; sourceTree = "<group>"; };
		514201572437B4B40078DB4F /* main.m */ = {isa = PBXFileReference; lastKnownFileType = sourcecode.c.objc; path = main.m; sourceTree = "<group>"; };
		514201592437B4B40078DB4F /* Reactotron.entitlements */ = {isa = PBXFileReference; lastKnownFileType = text.plist.entitlements; path = Reactotron.entitlements; sourceTree = "<group>"; };
		58CAA7D94E5C234204ADBD6D /* ProcessUtils.c */ = {isa = PBXFileReference; includeInIndex = 1; name = ProcessUtils.c; path = ../../app/native/ProcessUtils/ProcessUtils.c; sourceTree = "<group>"; };
		58E37E2E3E8A06DAB96CB870 /* IRMenuItemManager.h */ = {isa = PBXFileReference; includeInIndex = 1; lastKnownFileType = sourcecode.c.h; name = IRMenuItemManager.h; path = ../../app/native/IRMenuItemManager/IRMenuItemManager.h; sourceTree = "<group>"; };
		5CC6D49A37A49AB2196D370F /* IRTabComponentView.mm */ = {isa = PBXFileReference; includeInIndex = 1; name = IRTabComponentView.mm; path = ../../app/native/IRTabComponentView/IRTabComponentView.mm; sourceTree = "<group>"; };
		6501CE75F1271E64FB156DF9 /* IRRandom.h */ = {isa = PBXFileReference; includeInIndex = 1; lastKnownFileType = sourcecode.c.h; name = IRRandom.h; path = ../build/generated/colocated/IRRandom.h; sourceTree = "<group>"; };
		84EC6BAA6181B64DFF4CB3C2 /* IRKeyboard.h */ = {isa = PBXFileReference; includeInIndex = 1; lastKnownFileType = sourcecode.c.h; name = IRKeyboard.h; path = ../build/generated/colocated/IRKeyboard.h; sourceTree = "<group>"; };
		8D819F283104F1649CC13420 /* IRExperimental.mm */ = {isa = PBXFileReference; includeInIndex = 1; name = IRExperimental.mm; path = ../../app/utils/experimental/IRExperimental.mm; sourceTree = "<group>"; };
		8DB4762448AEBF80D95EC3C4 /* IRFontList.mm */ = {isa = PBXFileReference; includeInIndex = 1; name = IRFontList.mm; path = ../../app/native/IRFontList/IRFontList.mm; sourceTree = "<group>"; };
		9328316ABC4E3D0CCB54AE5A /* libPods-Reactotron-macOS.a */ = {isa = PBXFileReference; explicitFileType = archive.ar; includeInIndex = 0; path = "libPods-Reactotron-macOS.a"; sourceTree = BUILT_PRODUCTS_DIR; };
		9B19433AB6C513E5D2D9A51F /* IRFontList.h */ = {isa = PBXFileReference; includeInIndex = 1; lastKnownFileType = sourcecode.c.h; name = IRFontList.h; path = ../build/generated/colocated/IRFontList.h; sourceTree = "<group>"; };
		A665FBD055CB0D93952A4C2E /* Pods-Reactotron-macOS.release.xcconfig */ = {isa = PBXFileReference; includeInIndex = 1; lastKnownFileType = text.xcconfig; name = "Pods-Reactotron-macOS.release.xcconfig"; path = "Target Support Files/Pods-Reactotron-macOS/Pods-Reactotron-macOS.release.xcconfig"; sourceTree = "<group>"; };
		AC7291404B0CE03EAD30B707 /* IRRandom.mm */ = {isa = PBXFileReference; includeInIndex = 1; name = IRRandom.mm; path = ../build/generated/colocated/IRRandom.mm; sourceTree = "<group>"; };
		BB2EB92A4881ECE7C412D855 /* IRRunShellCommand.h */ = {isa = PBXFileReference; includeInIndex = 1; lastKnownFileType = sourcecode.c.h; name = IRRunShellCommand.h; path = ../build/generated/colocated/IRRunShellCommand.h; sourceTree = "<group>"; };
		C61BAAF6316215E97B301880 /* IRMenuItemManager.mm */ = {isa = PBXFileReference; includeInIndex = 1; name = IRMenuItemManager.mm; path = ../../app/native/IRMenuItemManager/IRMenuItemManager.mm; sourceTree = "<group>"; };
		E5BE7F5CD724EA1D79765898 /* IRKeyboard.mm */ = {isa = PBXFileReference; includeInIndex = 1; name = IRKeyboard.mm; path = ../../app/native/IRKeyboard/IRKeyboard.mm; sourceTree = "<group>"; };
		E94E8A1E2DA73754008B52A6 /* SpaceGrotesk.ttf */ = {isa = PBXFileReference; lastKnownFileType = file; name = SpaceGrotesk.ttf; path = ../assets/fonts/SpaceGrotesk.ttf; sourceTree = SOURCE_ROOT; };
		EC8D78744B9A1BC20CA2CE22 /* IRClipboard.h */ = {isa = PBXFileReference; includeInIndex = 1; lastKnownFileType = sourcecode.c.h; name = IRClipboard.h; path = ../build/generated/colocated/IRClipboard.h; sourceTree = "<group>"; };
		ED297162215061F000B7C4FE /* JavaScriptCore.framework */ = {isa = PBXFileReference; lastKnownFileType = wrapper.framework; name = JavaScriptCore.framework; path = System/Library/Frameworks/JavaScriptCore.framework; sourceTree = SDKROOT; };
		F8239D3859489FD3A291C19E /* IRTabComponentView.h */ = {isa = PBXFileReference; includeInIndex = 1; lastKnownFileType = sourcecode.c.h; name = IRTabComponentView.h; path = ../../app/native/IRTabComponentView/IRTabComponentView.h; sourceTree = "<group>"; };
/* End PBXFileReference section */

/* Begin PBXFrameworksBuildPhase section */
		514201462437B4B30078DB4F /* Frameworks */ = {
			isa = PBXFrameworksBuildPhase;
			buildActionMask = 2147483647;
			files = (
				2313978D96BCC1F35D5115F7 /* libPods-Reactotron-macOS.a in Frameworks */,
			);
			runOnlyForDeploymentPostprocessing = 0;
		};
/* End PBXFrameworksBuildPhase section */

/* Begin PBXGroup section */
		01D19913288DA74FEB538384 /* Pods */ = {
			isa = PBXGroup;
			children = (
				25B6212C60F8D2924DDDD7E5 /* Pods-Reactotron-macOS.debug.xcconfig */,
				A665FBD055CB0D93952A4C2E /* Pods-Reactotron-macOS.release.xcconfig */,
			);
			path = Pods;
			sourceTree = "<group>";
		};
		02ED0989E91FD62705952791 /* Colocated */ = {
			isa = PBXGroup;
			children = (
				328323C99C4D6BD8FFC4520B /* IRClipboard.mm */,
				EC8D78744B9A1BC20CA2CE22 /* IRClipboard.h */,
				8DB4762448AEBF80D95EC3C4 /* IRFontList.mm */,
				9B19433AB6C513E5D2D9A51F /* IRFontList.h */,
				E5BE7F5CD724EA1D79765898 /* IRKeyboard.mm */,
				84EC6BAA6181B64DFF4CB3C2 /* IRKeyboard.h */,
				58E37E2E3E8A06DAB96CB870 /* IRMenuItemManager.h */,
				C61BAAF6316215E97B301880 /* IRMenuItemManager.mm */,
				1D2A0DBF5545113C8B39A9F5 /* IRRunShellCommand.mm */,
				BB2EB92A4881ECE7C412D855 /* IRRunShellCommand.h */,
				1550BCC6B89B52A7F69FDA71 /* IRSystemInfo.mm */,
				494A1764BDD5A63A7238D6F8 /* IRSystemInfo.h */,
				F8239D3859489FD3A291C19E /* IRTabComponentView.h */,
				5CC6D49A37A49AB2196D370F /* IRTabComponentView.mm */,
				58CAA7D94E5C234204ADBD6D /* ProcessUtils.c */,
				03DEDD5032BF9AA9D3F93C29 /* ProcessUtils.h */,
				8D819F283104F1649CC13420 /* IRExperimental.mm */,
				4E099116A8338C8054280129 /* IRExperimental.h */,
				AC7291404B0CE03EAD30B707 /* IRRandom.mm */,
				6501CE75F1271E64FB156DF9 /* IRRandom.h */,
			);
			name = Colocated;
			sourceTree = "<group>";
		};
		2D16E6871FA4F8E400B85C8A /* Frameworks */ = {
			isa = PBXGroup;
			children = (
				ED297162215061F000B7C4FE /* JavaScriptCore.framework */,
				9328316ABC4E3D0CCB54AE5A /* libPods-Reactotron-macOS.a */,
			);
			name = Frameworks;
			sourceTree = "<group>";
		};
		5142014A2437B4B30078DB4F /* Reactotron-macOS */ = {
			isa = PBXGroup;
			children = (
				5142014B2437B4B30078DB4F /* AppDelegate.h */,
				5142014C2437B4B30078DB4F /* AppDelegate.mm */,
				514201512437B4B40078DB4F /* Assets.xcassets */,
				514201532437B4B40078DB4F /* Main.storyboard */,
				514201562437B4B40078DB4F /* Info.plist */,
				514201572437B4B40078DB4F /* main.m */,
				514201592437B4B40078DB4F /* Reactotron.entitlements */,
				02ED0989E91FD62705952791 /* Colocated */,
			);
			path = "Reactotron-macOS";
			sourceTree = "<group>";
		};
		832341AE1AAA6A7D00B99B32 /* Libraries */ = {
			isa = PBXGroup;
			children = (
			);
			name = Libraries;
			sourceTree = "<group>";
		};
		83CBB9F61A601CBA00E9B192 = {
			isa = PBXGroup;
			children = (
				E94E8A1E2DA73754008B52A6 /* SpaceGrotesk.ttf */,
				5142014A2437B4B30078DB4F /* Reactotron-macOS */,
				832341AE1AAA6A7D00B99B32 /* Libraries */,
				83CBBA001A601CBA00E9B192 /* Products */,
				2D16E6871FA4F8E400B85C8A /* Frameworks */,
				5030E1330EE236E4CA991AFD /* PrivacyInfo.xcprivacy */,
				01D19913288DA74FEB538384 /* Pods */,
			);
			indentWidth = 2;
			sourceTree = "<group>";
			tabWidth = 2;
			usesTabs = 0;
		};
		83CBBA001A601CBA00E9B192 /* Products */ = {
			isa = PBXGroup;
			children = (
				514201492437B4B30078DB4F /* Reactotron.app */,
			);
			name = Products;
			sourceTree = "<group>";
		};
/* End PBXGroup section */

/* Begin PBXHeadersBuildPhase section */
		614A44CF57166CA8B6AD60B6 /* Headers */ = {
			isa = PBXHeadersBuildPhase;
			buildActionMask = 2147483647;
			files = (
				EBA23295D3FDE3328174ADF1 /* BuildFile in Headers */,
				ED12F731BB6DCFAB0EBF4EB8 /* IRClipboard.h in Headers */,
				FBDE304E37A05BBA94A1815A /* IRFontList.h in Headers */,
				B99E5342E43ACF9EC9E2EA25 /* IRKeyboard.h in Headers */,
				1E0258E4B96C4445CA12BF04 /* IRMenuItemManager.h in Headers */,
				307542DB384D83D57788634B /* IRRunShellCommand.h in Headers */,
				6BD54238696ED08A6BAB9002 /* IRSystemInfo.h in Headers */,
				F7993E6D5DF3E39C1479B596 /* IRTabComponentView.h in Headers */,
				0D175A6E22A1D4C3030F9ECF /* ProcessUtils.h in Headers */,
				6AD77C16EDF95A89046A1714 /* IRExperimental.h in Headers */,
				321E467A70AB2C9E3CE85F34 /* IRRandom.h in Headers */,
			);
			runOnlyForDeploymentPostprocessing = 0;
		};
/* End PBXHeadersBuildPhase section */

/* Begin PBXNativeTarget section */
		514201482437B4B30078DB4F /* Reactotron-macOS */ = {
			isa = PBXNativeTarget;
			buildConfigurationList = 5142015A2437B4B40078DB4F /* Build configuration list for PBXNativeTarget "Reactotron-macOS" */;
			buildPhases = (
				C083374196BFC9C3712CE0C8 /* [CP] Check Pods Manifest.lock */,
				514201452437B4B30078DB4F /* Sources */,
				514201462437B4B30078DB4F /* Frameworks */,
				514201472437B4B30078DB4F /* Resources */,
				381D8A6E24576A4E00465D17 /* Bundle React Native code and images */,
				614A44CF57166CA8B6AD60B6 /* Headers */,
				AFD58256B5B17014F9F07369 /* [CP] Embed Pods Frameworks */,
				E4F6189825ED75E99C36F780 /* [CP] Copy Pods Resources */,
			);
			buildRules = (
			);
			dependencies = (
			);
			name = "Reactotron-macOS";
			productName = Reactotron;
			productReference = 514201492437B4B30078DB4F /* Reactotron.app */;
			productType = "com.apple.product-type.application";
		};
/* End PBXNativeTarget section */

/* Begin PBXProject section */
		83CBB9F71A601CBA00E9B192 /* Project object */ = {
			isa = PBXProject;
			attributes = {
				LastUpgradeCheck = 1130;
				TargetAttributes = {
					514201482437B4B30078DB4F = {
						CreatedOnToolsVersion = 11.4;
						DevelopmentTeam = L7YNDPLSEB;
						ProvisioningStyle = Automatic;
					};
				};
			};
			buildConfigurationList = 83CBB9FA1A601CBA00E9B192 /* Build configuration list for PBXProject "Reactotron" */;
			compatibilityVersion = "Xcode 3.2";
			developmentRegion = en;
			hasScannedForEncodings = 0;
			knownRegions = (
				en,
				Base,
			);
			mainGroup = 83CBB9F61A601CBA00E9B192;
			productRefGroup = 83CBBA001A601CBA00E9B192 /* Products */;
			projectDirPath = "";
			projectRoot = "";
			targets = (
				514201482437B4B30078DB4F /* Reactotron-macOS */,
			);
		};
/* End PBXProject section */

/* Begin PBXResourcesBuildPhase section */
		514201472437B4B30078DB4F /* Resources */ = {
			isa = PBXResourcesBuildPhase;
			buildActionMask = 2147483647;
			files = (
				514201522437B4B40078DB4F /* Assets.xcassets in Resources */,
				514201552437B4B40078DB4F /* Main.storyboard in Resources */,
				1BCAFE1EAF4275451E5A2CA2 /* PrivacyInfo.xcprivacy in Resources */,
				E94E8A1F2DA73754008B52A6 /* SpaceGrotesk.ttf in Resources */,
			);
			runOnlyForDeploymentPostprocessing = 0;
		};
/* End PBXResourcesBuildPhase section */

/* Begin PBXShellScriptBuildPhase section */
		381D8A6E24576A4E00465D17 /* Bundle React Native code and images */ = {
			isa = PBXShellScriptBuildPhase;
			buildActionMask = 2147483647;
			files = (
			);
			inputFileListPaths = (
			);
			inputPaths = (
			);
			name = "Bundle React Native code and images";
			outputFileListPaths = (
			);
			outputPaths = (
			);
			runOnlyForDeploymentPostprocessing = 0;
			shellPath = /bin/sh;
			shellScript = "export NODE_BINARY=node\n../node_modules/react-native-macos/scripts/react-native-xcode.sh\n";
		};
		AFD58256B5B17014F9F07369 /* [CP] Embed Pods Frameworks */ = {
			isa = PBXShellScriptBuildPhase;
			buildActionMask = 2147483647;
			files = (
			);
			inputPaths = (
				"${PODS_ROOT}/Target Support Files/Pods-Reactotron-macOS/Pods-Reactotron-macOS-frameworks.sh",
				"${PODS_ROOT}/hermes-engine/destroot/Library/Frameworks/macosx/hermes.framework",
			);
			name = "[CP] Embed Pods Frameworks";
			outputPaths = (
				"${TARGET_BUILD_DIR}/${FRAMEWORKS_FOLDER_PATH}/hermes.framework",
			);
			runOnlyForDeploymentPostprocessing = 0;
			shellPath = /bin/sh;
			shellScript = "\"${PODS_ROOT}/Target Support Files/Pods-Reactotron-macOS/Pods-Reactotron-macOS-frameworks.sh\"\n";
			showEnvVarsInLog = 0;
		};
		C083374196BFC9C3712CE0C8 /* [CP] Check Pods Manifest.lock */ = {
			isa = PBXShellScriptBuildPhase;
			buildActionMask = 2147483647;
			files = (
			);
			inputFileListPaths = (
			);
			inputPaths = (
				"${PODS_PODFILE_DIR_PATH}/Podfile.lock",
				"${PODS_ROOT}/Manifest.lock",
			);
			name = "[CP] Check Pods Manifest.lock";
			outputFileListPaths = (
			);
			outputPaths = (
				"$(DERIVED_FILE_DIR)/Pods-Reactotron-macOS-checkManifestLockResult.txt",
			);
			runOnlyForDeploymentPostprocessing = 0;
			shellPath = /bin/sh;
			shellScript = "diff \"${PODS_PODFILE_DIR_PATH}/Podfile.lock\" \"${PODS_ROOT}/Manifest.lock\" > /dev/null\nif [ $? != 0 ] ; then\n    # print error to STDERR\n    echo \"error: The sandbox is not in sync with the Podfile.lock. Run 'pod install' or update your CocoaPods installation.\" >&2\n    exit 1\nfi\n# This output is used by Xcode 'outputs' to avoid re-running this script phase.\necho \"SUCCESS\" > \"${SCRIPT_OUTPUT_FILE_0}\"\n";
			showEnvVarsInLog = 0;
		};
		E4F6189825ED75E99C36F780 /* [CP] Copy Pods Resources */ = {
			isa = PBXShellScriptBuildPhase;
			buildActionMask = 2147483647;
			files = (
			);
			inputPaths = (
				"${PODS_ROOT}/Target Support Files/Pods-Reactotron-macOS/Pods-Reactotron-macOS-resources.sh",
				"${PODS_CONFIGURATION_BUILD_DIR}/RCT-Folly/RCT-Folly_privacy.bundle",
				"${PODS_CONFIGURATION_BUILD_DIR}/React-Core/React-Core_privacy.bundle",
				"${PODS_CONFIGURATION_BUILD_DIR}/React-cxxreact/React-cxxreact_privacy.bundle",
				"${PODS_CONFIGURATION_BUILD_DIR}/boost/boost_privacy.bundle",
				"${PODS_CONFIGURATION_BUILD_DIR}/glog/glog_privacy.bundle",
			);
			name = "[CP] Copy Pods Resources";
			outputPaths = (
				"${TARGET_BUILD_DIR}/${UNLOCALIZED_RESOURCES_FOLDER_PATH}/RCT-Folly_privacy.bundle",
				"${TARGET_BUILD_DIR}/${UNLOCALIZED_RESOURCES_FOLDER_PATH}/React-Core_privacy.bundle",
				"${TARGET_BUILD_DIR}/${UNLOCALIZED_RESOURCES_FOLDER_PATH}/React-cxxreact_privacy.bundle",
				"${TARGET_BUILD_DIR}/${UNLOCALIZED_RESOURCES_FOLDER_PATH}/boost_privacy.bundle",
				"${TARGET_BUILD_DIR}/${UNLOCALIZED_RESOURCES_FOLDER_PATH}/glog_privacy.bundle",
			);
			runOnlyForDeploymentPostprocessing = 0;
			shellPath = /bin/sh;
			shellScript = "\"${PODS_ROOT}/Target Support Files/Pods-Reactotron-macOS/Pods-Reactotron-macOS-resources.sh\"\n";
			showEnvVarsInLog = 0;
		};
/* End PBXShellScriptBuildPhase section */

/* Begin PBXSourcesBuildPhase section */
		514201452437B4B30078DB4F /* Sources */ = {
			isa = PBXSourcesBuildPhase;
			buildActionMask = 2147483647;
			files = (
				514201582437B4B40078DB4F /* main.m in Sources */,
				5142014D2437B4B30078DB4F /* AppDelegate.mm in Sources */,
				1BCF4C7A5E00CBE218AF24F4 /* BuildFile in Sources */,
				261E8857E7343B5DDCDD5AC5 /* BuildFile in Sources */,
				C42DA9F60F9F30DA22288751 /* IRClipboard.mm in Sources */,
				A5CE69451CC2BF8D8895FDCF /* IRFontList.mm in Sources */,
				A6EE0E7E4A7D85B0EB8FC263 /* IRKeyboard.mm in Sources */,
				7D02C2170DDE37F670C255CE /* IRMenuItemManager.mm in Sources */,
				A9BB56C3FDAB5A4C2D9779E4 /* IRRunShellCommand.mm in Sources */,
				B65A5E9651A4C3ACC1408E75 /* IRSystemInfo.mm in Sources */,
				F737A020C16A6CCFA911DF30 /* IRTabComponentView.mm in Sources */,
				73E2BB2199B1A52F261A50EE /* ProcessUtils.c in Sources */,
				1860A1FD0B9EA714759D1FD7 /* IRExperimental.mm in Sources */,
				2F4CD9132A5FACEBFAB9C358 /* IRRandom.mm in Sources */,
			);
			runOnlyForDeploymentPostprocessing = 0;
		};
/* End PBXSourcesBuildPhase section */

/* Begin PBXVariantGroup section */
		514201532437B4B40078DB4F /* Main.storyboard */ = {
			isa = PBXVariantGroup;
			children = (
				514201542437B4B40078DB4F /* Base */,
			);
			name = Main.storyboard;
			sourceTree = "<group>";
		};
/* End PBXVariantGroup section */

/* Begin XCBuildConfiguration section */
		5142015B2437B4B40078DB4F /* Debug */ = {
			isa = XCBuildConfiguration;
			baseConfigurationReference = 25B6212C60F8D2924DDDD7E5 /* Pods-Reactotron-macOS.debug.xcconfig */;
			buildSettings = {
				ASSETCATALOG_COMPILER_APPICON_NAME = AppIcon;
				CLANG_ENABLE_MODULES = YES;
				"CODE_SIGN_IDENTITY[sdk=macosx*]" = "-";
				CURRENT_PROJECT_VERSION = 1;
				DEAD_CODE_STRIPPING = NO;
				DEVELOPMENT_TEAM = L7YNDPLSEB;
				INFOPLIST_FILE = "Reactotron-macos/Info.plist";
				INFOPLIST_KEY_LSApplicationCategoryType = "public.app-category.utilities";
				LD_RUNPATH_SEARCH_PATHS = "$(inherited) @executable_path/Frameworks";
				MACOSX_DEPLOYMENT_TARGET = 14.6;
				OTHER_LDFLAGS = (
					"$(inherited)",
					"-ObjC",
					"-lc++",
				);
				PRODUCT_BUNDLE_IDENTIFIER = com.infinitered.reactotron;
				PRODUCT_NAME = Reactotron;
				SDKROOT = macosx;
				SWIFT_OPTIMIZATION_LEVEL = "-Onone";
				SWIFT_VERSION = 5.0;
			};
			name = Debug;
		};
		5142015C2437B4B40078DB4F /* Release */ = {
			isa = XCBuildConfiguration;
			baseConfigurationReference = A665FBD055CB0D93952A4C2E /* Pods-Reactotron-macOS.release.xcconfig */;
			buildSettings = {
				ASSETCATALOG_COMPILER_APPICON_NAME = AppIcon;
				CLANG_ENABLE_MODULES = YES;
				"CODE_SIGN_IDENTITY[sdk=macosx*]" = "-";
				CURRENT_PROJECT_VERSION = 1;
				DEVELOPMENT_TEAM = L7YNDPLSEB;
				INFOPLIST_FILE = "Reactotron-macos/Info.plist";
				INFOPLIST_KEY_LSApplicationCategoryType = "public.app-category.utilities";
				LD_RUNPATH_SEARCH_PATHS = "$(inherited) @executable_path/Frameworks";
				MACOSX_DEPLOYMENT_TARGET = 14.6;
				OTHER_LDFLAGS = (
					"$(inherited)",
					"-ObjC",
					"-lc++",
				);
				PRODUCT_BUNDLE_IDENTIFIER = com.infinitered.reactotron;
				PRODUCT_NAME = Reactotron;
				SDKROOT = macosx;
				SWIFT_VERSION = 5.0;
			};
			name = Release;
		};
		83CBBA201A601CBA00E9B192 /* Debug */ = {
			isa = XCBuildConfiguration;
			buildSettings = {
				ALWAYS_SEARCH_USER_PATHS = NO;
				CLANG_ANALYZER_LOCALIZABILITY_NONLOCALIZED = YES;
				CLANG_CXX_LANGUAGE_STANDARD = "c++20";
				CLANG_CXX_LIBRARY = "libc++";
				CLANG_ENABLE_MODULES = YES;
				CLANG_ENABLE_OBJC_ARC = YES;
				CLANG_WARN_BLOCK_CAPTURE_AUTORELEASING = YES;
				CLANG_WARN_BOOL_CONVERSION = YES;
				CLANG_WARN_COMMA = YES;
				CLANG_WARN_CONSTANT_CONVERSION = YES;
				CLANG_WARN_DEPRECATED_OBJC_IMPLEMENTATIONS = YES;
				CLANG_WARN_DIRECT_OBJC_ISA_USAGE = YES_ERROR;
				CLANG_WARN_EMPTY_BODY = YES;
				CLANG_WARN_ENUM_CONVERSION = YES;
				CLANG_WARN_INFINITE_RECURSION = YES;
				CLANG_WARN_INT_CONVERSION = YES;
				CLANG_WARN_NON_LITERAL_NULL_CONVERSION = YES;
				CLANG_WARN_OBJC_IMPLICIT_RETAIN_SELF = YES;
				CLANG_WARN_OBJC_LITERAL_CONVERSION = YES;
				CLANG_WARN_OBJC_ROOT_CLASS = YES_ERROR;
				CLANG_WARN_RANGE_LOOP_ANALYSIS = YES;
				CLANG_WARN_STRICT_PROTOTYPES = YES;
				CLANG_WARN_SUSPICIOUS_MOVE = YES;
				CLANG_WARN_UNREACHABLE_CODE = YES;
				CLANG_WARN__DUPLICATE_METHOD_MATCH = YES;
				"CODE_SIGN_IDENTITY[sdk=iphoneos*]" = "iPhone Developer";
				COPY_PHASE_STRIP = NO;
				ENABLE_STRICT_OBJC_MSGSEND = YES;
				ENABLE_TESTABILITY = YES;
				GCC_C_LANGUAGE_STANDARD = gnu99;
				GCC_DYNAMIC_NO_PIC = NO;
				GCC_NO_COMMON_BLOCKS = YES;
				GCC_OPTIMIZATION_LEVEL = 0;
				GCC_PREPROCESSOR_DEFINITIONS = (
					"DEBUG=1",
					"$(inherited)",
				);
				GCC_SYMBOLS_PRIVATE_EXTERN = NO;
				GCC_WARN_64_TO_32_BIT_CONVERSION = YES;
				GCC_WARN_ABOUT_RETURN_TYPE = YES_ERROR;
				GCC_WARN_UNDECLARED_SELECTOR = YES;
				GCC_WARN_UNINITIALIZED_AUTOS = YES_AGGRESSIVE;
				GCC_WARN_UNUSED_FUNCTION = YES;
				GCC_WARN_UNUSED_VARIABLE = YES;
				IPHONEOS_DEPLOYMENT_TARGET = 9.0;
				LD_RUNPATH_SEARCH_PATHS = "/usr/lib/swift $(inherited)";
				LIBRARY_SEARCH_PATHS = (
					"$(SDKROOT)/usr/lib/swift",
					"\"$(TOOLCHAIN_DIR)/usr/lib/swift/$(PLATFORM_NAME)\"",
					"\"$(inherited)\"",
				);
				MTL_ENABLE_DEBUG_INFO = YES;
				ONLY_ACTIVE_ARCH = YES;
				OTHER_LDFLAGS = (
					"$(inherited)",
					" ",
				);
				REACT_NATIVE_PATH = "${PODS_ROOT}/../../node_modules/react-native";
				SDKROOT = iphoneos;
				SWIFT_ACTIVE_COMPILATION_CONDITIONS = "$(inherited) DEBUG";
				USE_HERMES = true;
			};
			name = Debug;
		};
		83CBBA211A601CBA00E9B192 /* Release */ = {
			isa = XCBuildConfiguration;
			buildSettings = {
				ALWAYS_SEARCH_USER_PATHS = NO;
				CLANG_ANALYZER_LOCALIZABILITY_NONLOCALIZED = YES;
				CLANG_CXX_LANGUAGE_STANDARD = "c++20";
				CLANG_CXX_LIBRARY = "libc++";
				CLANG_ENABLE_MODULES = YES;
				CLANG_ENABLE_OBJC_ARC = YES;
				CLANG_WARN_BLOCK_CAPTURE_AUTORELEASING = YES;
				CLANG_WARN_BOOL_CONVERSION = YES;
				CLANG_WARN_COMMA = YES;
				CLANG_WARN_CONSTANT_CONVERSION = YES;
				CLANG_WARN_DEPRECATED_OBJC_IMPLEMENTATIONS = YES;
				CLANG_WARN_DIRECT_OBJC_ISA_USAGE = YES_ERROR;
				CLANG_WARN_EMPTY_BODY = YES;
				CLANG_WARN_ENUM_CONVERSION = YES;
				CLANG_WARN_INFINITE_RECURSION = YES;
				CLANG_WARN_INT_CONVERSION = YES;
				CLANG_WARN_NON_LITERAL_NULL_CONVERSION = YES;
				CLANG_WARN_OBJC_IMPLICIT_RETAIN_SELF = YES;
				CLANG_WARN_OBJC_LITERAL_CONVERSION = YES;
				CLANG_WARN_OBJC_ROOT_CLASS = YES_ERROR;
				CLANG_WARN_RANGE_LOOP_ANALYSIS = YES;
				CLANG_WARN_STRICT_PROTOTYPES = YES;
				CLANG_WARN_SUSPICIOUS_MOVE = YES;
				CLANG_WARN_UNREACHABLE_CODE = YES;
				CLANG_WARN__DUPLICATE_METHOD_MATCH = YES;
				"CODE_SIGN_IDENTITY[sdk=iphoneos*]" = "iPhone Developer";
				COPY_PHASE_STRIP = YES;
				ENABLE_NS_ASSERTIONS = NO;
				ENABLE_STRICT_OBJC_MSGSEND = YES;
				GCC_C_LANGUAGE_STANDARD = gnu99;
				GCC_NO_COMMON_BLOCKS = YES;
				GCC_WARN_64_TO_32_BIT_CONVERSION = YES;
				GCC_WARN_ABOUT_RETURN_TYPE = YES_ERROR;
				GCC_WARN_UNDECLARED_SELECTOR = YES;
				GCC_WARN_UNINITIALIZED_AUTOS = YES_AGGRESSIVE;
				GCC_WARN_UNUSED_FUNCTION = YES;
				GCC_WARN_UNUSED_VARIABLE = YES;
				IPHONEOS_DEPLOYMENT_TARGET = 9.0;
				LD_RUNPATH_SEARCH_PATHS = "/usr/lib/swift $(inherited)";
				LIBRARY_SEARCH_PATHS = (
					"$(SDKROOT)/usr/lib/swift",
					"\"$(TOOLCHAIN_DIR)/usr/lib/swift/$(PLATFORM_NAME)\"",
					"\"$(inherited)\"",
				);
				MTL_ENABLE_DEBUG_INFO = NO;
				OTHER_LDFLAGS = (
					"$(inherited)",
					" ",
				);
				REACT_NATIVE_PATH = "${PODS_ROOT}/../../node_modules/react-native";
				SDKROOT = iphoneos;
				USE_HERMES = true;
				VALIDATE_PRODUCT = YES;
			};
			name = Release;
		};
/* End XCBuildConfiguration section */

/* Begin XCConfigurationList section */
		5142015A2437B4B40078DB4F /* Build configuration list for PBXNativeTarget "Reactotron-macOS" */ = {
			isa = XCConfigurationList;
			buildConfigurations = (
				5142015B2437B4B40078DB4F /* Debug */,
				5142015C2437B4B40078DB4F /* Release */,
			);
			defaultConfigurationIsVisible = 0;
			defaultConfigurationName = Release;
		};
		83CBB9FA1A601CBA00E9B192 /* Build configuration list for PBXProject "Reactotron" */ = {
			isa = XCConfigurationList;
			buildConfigurations = (
				83CBBA201A601CBA00E9B192 /* Debug */,
				83CBBA211A601CBA00E9B192 /* Release */,
			);
			defaultConfigurationIsVisible = 0;
			defaultConfigurationName = Release;
		};
/* End XCConfigurationList section */
	};
	rootObject = 83CBB9F71A601CBA00E9B192 /* Project object */;
}
